{
  "pins" : [
    {
      "identity" : "get",
      "kind" : "remoteSourceControl",
      "location" : "https://github.com/kean/Get.git",
      "state" : {
        "revision" : "74dba201ebe42e9c15c1db6ee1cc893025bbef94",
        "version" : "2.2.0"
      }
    },
    {
      "identity" : "jwt-kit",
      "kind" : "remoteSourceControl",
      "location" : "https://github.com/vapor/jwt-kit.git",
      "state" : {
        "revision" : "c2595b9ad7f512d7f334830b4df1fed6e917946a",
        "version" : "4.13.4"
      }
    },
    {
      "identity" : "stubkit",
      "kind" : "remoteSourceControl",
      "location" : "https://github.com/kateinoigakukun/StubKit.git",
      "state" : {
        "revision" : "6d3c5d8dec873b8b0c4e4ae5832cb91218b8f858",
        "version" : "0.1.7"
      }
    },
    {
      "identity" : "swift-argument-parser",
      "kind" : "remoteSourceControl",
      "location" : "https://github.com/apple/swift-argument-parser.git",
      "state" : {
        "revision" : "41982a3656a71c768319979febd796c6fd111d5c",
        "version" : "1.5.0"
      }
    },
    {
      "identity" : "swift-crypto",
      "kind" : "remoteSourceControl",
      "location" : "https://github.com/apple/swift-crypto.git",
      "state" : {
        "revision" : "b51f1d6845b353a2121de1c6a670738ec33561a6",
        "version" : "3.1.0"
      }
    },
    {
      "identity" : "swift-tagged",
      "kind" : "remoteSourceControl",
      "location" : "https://github.com/pointfreeco/swift-tagged.git",
      "state" : {
        "revision" : "3907a9438f5b57d317001dc99f3f11b46882272b",
        "version" : "0.10.0"
      }
    }
  ],
  "version" : 2
}
