{
  "object": {
    "pins": [
      {
        "package": "APIKit",
        "repositoryURL": "https://github.com/ishkawa/APIKit.git",
        "state": {
          "branch": null,
          "revision": "b839e53b870104798035b279d2a6168b0a2227b1",
          "version": "5.4.0"
        }
      },
      {
        "package": "Cryptor",
        "repositoryURL": "https://github.com/Kitura/BlueCryptor.git",
        "state": {
          "branch": null,
          "revision": "cec97c24b111351e70e448972a7d3fe68a756d6d",
          "version": "2.0.2"
        }
      },
      {
        "package": "CryptorECC",
        "repositoryURL": "https://github.com/Kitura/BlueECC.git",
        "state": {
          "branch": null,
          "revision": "1485268a54f8135435a825a855e733f026fa6cc8",
          "version": "1.2.201"
        }
      },
      {
        "package": "CryptorRSA",
        "repositoryURL": "https://github.com/Kitura/BlueRSA.git",
        "state": {
          "branch": null,
          "revision": "440f78db26d8bb073f29590f1c7bd31004da09ae",
          "version": "1.0.201"
        }
      },
      {
        "package": "KituraContracts",
        "repositoryURL": "https://github.com/Kitura/KituraContracts.git",
        "state": {
          "branch": null,
          "revision": "6edf7ac3dd2b3a2c61284778d430bbad7d8a6f23",
          "version": "2.0.1"
        }
      },
      {
        "package": "LoggerAPI",
        "repositoryURL": "https://github.com/Kitura/LoggerAPI.git",
        "state": {
          "branch": null,
          "revision": "4e6b45e850ffa275e8e26a24c6454fd709d5b6ac",
          "version": "2.0.0"
        }
      },
      {
        "package": "swift-argument-parser",
        "repositoryURL": "https://github.com/apple/swift-argument-parser.git",
        "state": {
          "branch": null,
          "revision": "fee6933f37fde9a5e12a1e4aeaa93fe60116ff2a",
          "version": "1.2.2"
        }
      },
      {
        "package": "SwiftJWT",
        "repositoryURL": "https://github.com/Kitura/Swift-JWT.git",
        "state": {
          "branch": null,
          "revision": "08e02ff214c41df49bdd189ff837d68ba11c437b",
          "version": "4.0.0"
        }
      },
      {
        "package": "swift-log",
        "repositoryURL": "https://github.com/apple/swift-log.git",
        "state": {
          "branch": null,
          "revision": "32e8d724467f8fe623624570367e3d50c5638e46",
          "version": "1.5.2"
        }
      },
      {
        "package": "swift-tagged",
        "repositoryURL": "https://github.com/pointfreeco/swift-tagged.git",
        "state": {
          "branch": null,
          "revision": "3907a9438f5b57d317001dc99f3f11b46882272b",
          "version": "0.10.0"
        }
      }
    ]
  },
  "version": 1
}
